
Microsoft Visual Studio Solution File, Format Version 12.00
# Visual Studio Version 16
VisualStudioVersion = 16.0.30114.105
MinimumVisualStudioVersion = 10.0.40219.1
Project("{2150E333-8FDC-42A3-9474-1A3956D46DE8}") = "domain", "domain", "{254E899F-6E65-4764-AAA4-1C1F5CA6E53B}"
EndProject
Project("{9A19103F-16F7-4668-BE54-9A1E7A4F7556}") = "Store", "domain\Store\Store.csproj", "{4F04DACF-7943-4E33-9D10-2E656A8F8251}"
EndProject
Project("{2150E333-8FDC-42A3-9474-1A3956D46DE8}") = "infastructure", "infastructure", "{AC7C4275-FEE2-478C-A83D-46A924723DAC}"
EndProject
Project("{9A19103F-16F7-4668-BE54-9A1E7A4F7556}") = "Store.Memory", "infastructure\Store.Memory\Store.Memory.csproj", "{A667B7CD-D3DD-4DBD-8F13-4FF4A1BD08A0}"
EndProject
Project("{2150E333-8FDC-42A3-9474-1A3956D46DE8}") = "presentation", "presentation", "{A540F2E8-0200-4911-8D48-F0B35E52D2E5}"
EndProject
Project("{9A19103F-16F7-4668-BE54-9A1E7A4F7556}") = "Store.Web", "presentation\Store.Web\Store.Web.csproj", "{5479D8C8-63C0-4CC9-9F8F-ACAFC0D9A3A8}"
EndProject
Project("{9A19103F-16F7-4668-BE54-9A1E7A4F7556}") = "Store.Tests", "domain\Store.Tests\Store.Tests.csproj", "{2E8601BF-DC72-405B-8546-999FB4575514}"
EndProject
Project("{9A19103F-16F7-4668-BE54-9A1E7A4F7556}") = "Store.Web.Contractors", "presentation\Store.Web.Contractors\Store.Web.Contractors.csproj", "{373454E0-A5B9-43C6-B0FF-2C51BA480E14}"
EndProject
Project("{2150E333-8FDC-42A3-9474-1A3956D46DE8}") = "plugins", "plugins", "{B907BBCD-DE0D-4B7E-B8C1-9B8E799C6CED}"
EndProject
Project("{9A19103F-16F7-4668-BE54-9A1E7A4F7556}") = "Store.YandexKassa", "plugins\Store.YandexKassa\Store.YandexKassa.csproj", "{92D8F038-37CB-461D-91EE-113E32C68435}"
EndProject
Project("{2150E333-8FDC-42A3-9474-1A3956D46DE8}") = "application", "application", "{463ED36D-2798-42B2-BD0E-C6FBA0B0D03C}"
EndProject
Project("{FAE04EC0-301F-11D3-BF4B-00C04F79EFBC}") = "Store.Web.App", "application\Store.Web.App\Store.Web.App.csproj", "{AAAAA70B-8E99-45AC-906B-22EBB36C2ADA}"
EndProject
Global
	GlobalSection(SolutionConfigurationPlatforms) = preSolution
		Debug|Any CPU = Debug|Any CPU
		Debug|x64 = Debug|x64
		Debug|x86 = Debug|x86
		Release|Any CPU = Release|Any CPU
		Release|x64 = Release|x64
		Release|x86 = Release|x86
	EndGlobalSection
	GlobalSection(ProjectConfigurationPlatforms) = postSolution
		{4F04DACF-7943-4E33-9D10-2E656A8F8251}.Debug|Any CPU.ActiveCfg = Debug|Any CPU
		{4F04DACF-7943-4E33-9D10-2E656A8F8251}.Debug|Any CPU.Build.0 = Debug|Any CPU
		{4F04DACF-7943-4E33-9D10-2E656A8F8251}.Debug|x64.ActiveCfg = Debug|Any CPU
		{4F04DACF-7943-4E33-9D10-2E656A8F8251}.Debug|x64.Build.0 = Debug|Any CPU
		{4F04DACF-7943-4E33-9D10-2E656A8F8251}.Debug|x86.ActiveCfg = Debug|Any CPU
		{4F04DACF-7943-4E33-9D10-2E656A8F8251}.Debug|x86.Build.0 = Debug|Any CPU
		{4F04DACF-7943-4E33-9D10-2E656A8F8251}.Release|Any CPU.ActiveCfg = Release|Any CPU
		{4F04DACF-7943-4E33-9D10-2E656A8F8251}.Release|Any CPU.Build.0 = Release|Any CPU
		{4F04DACF-7943-4E33-9D10-2E656A8F8251}.Release|x64.ActiveCfg = Release|Any CPU
		{4F04DACF-7943-4E33-9D10-2E656A8F8251}.Release|x64.Build.0 = Release|Any CPU
		{4F04DACF-7943-4E33-9D10-2E656A8F8251}.Release|x86.ActiveCfg = Release|Any CPU
		{4F04DACF-7943-4E33-9D10-2E656A8F8251}.Release|x86.Build.0 = Release|Any CPU
		{A667B7CD-D3DD-4DBD-8F13-4FF4A1BD08A0}.Debug|Any CPU.ActiveCfg = Debug|Any CPU
		{A667B7CD-D3DD-4DBD-8F13-4FF4A1BD08A0}.Debug|Any CPU.Build.0 = Debug|Any CPU
		{A667B7CD-D3DD-4DBD-8F13-4FF4A1BD08A0}.Debug|x64.ActiveCfg = Debug|Any CPU
		{A667B7CD-D3DD-4DBD-8F13-4FF4A1BD08A0}.Debug|x64.Build.0 = Debug|Any CPU
		{A667B7CD-D3DD-4DBD-8F13-4FF4A1BD08A0}.Debug|x86.ActiveCfg = Debug|Any CPU
		{A667B7CD-D3DD-4DBD-8F13-4FF4A1BD08A0}.Debug|x86.Build.0 = Debug|Any CPU
		{A667B7CD-D3DD-4DBD-8F13-4FF4A1BD08A0}.Release|Any CPU.ActiveCfg = Release|Any CPU
		{A667B7CD-D3DD-4DBD-8F13-4FF4A1BD08A0}.Release|Any CPU.Build.0 = Release|Any CPU
		{A667B7CD-D3DD-4DBD-8F13-4FF4A1BD08A0}.Release|x64.ActiveCfg = Release|Any CPU
		{A667B7CD-D3DD-4DBD-8F13-4FF4A1BD08A0}.Release|x64.Build.0 = Release|Any CPU
		{A667B7CD-D3DD-4DBD-8F13-4FF4A1BD08A0}.Release|x86.ActiveCfg = Release|Any CPU
		{A667B7CD-D3DD-4DBD-8F13-4FF4A1BD08A0}.Release|x86.Build.0 = Release|Any CPU
		{5479D8C8-63C0-4CC9-9F8F-ACAFC0D9A3A8}.Debug|Any CPU.ActiveCfg = Debug|Any CPU
		{5479D8C8-63C0-4CC9-9F8F-ACAFC0D9A3A8}.Debug|Any CPU.Build.0 = Debug|Any CPU
		{5479D8C8-63C0-4CC9-9F8F-ACAFC0D9A3A8}.Debug|x64.ActiveCfg = Debug|Any CPU
		{5479D8C8-63C0-4CC9-9F8F-ACAFC0D9A3A8}.Debug|x64.Build.0 = Debug|Any CPU
		{5479D8C8-63C0-4CC9-9F8F-ACAFC0D9A3A8}.Debug|x86.ActiveCfg = Debug|Any CPU
		{5479D8C8-63C0-4CC9-9F8F-ACAFC0D9A3A8}.Debug|x86.Build.0 = Debug|Any CPU
		{5479D8C8-63C0-4CC9-9F8F-ACAFC0D9A3A8}.Release|Any CPU.ActiveCfg = Release|Any CPU
		{5479D8C8-63C0-4CC9-9F8F-ACAFC0D9A3A8}.Release|Any CPU.Build.0 = Release|Any CPU
		{5479D8C8-63C0-4CC9-9F8F-ACAFC0D9A3A8}.Release|x64.ActiveCfg = Release|Any CPU
		{5479D8C8-63C0-4CC9-9F8F-ACAFC0D9A3A8}.Release|x64.Build.0 = Release|Any CPU
		{5479D8C8-63C0-4CC9-9F8F-ACAFC0D9A3A8}.Release|x86.ActiveCfg = Release|Any CPU
		{5479D8C8-63C0-4CC9-9F8F-ACAFC0D9A3A8}.Release|x86.Build.0 = Release|Any CPU
		{2E8601BF-DC72-405B-8546-999FB4575514}.Debug|Any CPU.ActiveCfg = Debug|Any CPU
		{2E8601BF-DC72-405B-8546-999FB4575514}.Debug|Any CPU.Build.0 = Debug|Any CPU
		{2E8601BF-DC72-405B-8546-999FB4575514}.Debug|x64.ActiveCfg = Debug|Any CPU
		{2E8601BF-DC72-405B-8546-999FB4575514}.Debug|x64.Build.0 = Debug|Any CPU
		{2E8601BF-DC72-405B-8546-999FB4575514}.Debug|x86.ActiveCfg = Debug|Any CPU
		{2E8601BF-DC72-405B-8546-999FB4575514}.Debug|x86.Build.0 = Debug|Any CPU
		{2E8601BF-DC72-405B-8546-999FB4575514}.Release|Any CPU.ActiveCfg = Release|Any CPU
		{2E8601BF-DC72-405B-8546-999FB4575514}.Release|Any CPU.Build.0 = Release|Any CPU
		{2E8601BF-DC72-405B-8546-999FB4575514}.Release|x64.ActiveCfg = Release|Any CPU
		{2E8601BF-DC72-405B-8546-999FB4575514}.Release|x64.Build.0 = Release|Any CPU
		{2E8601BF-DC72-405B-8546-999FB4575514}.Release|x86.ActiveCfg = Release|Any CPU
		{2E8601BF-DC72-405B-8546-999FB4575514}.Release|x86.Build.0 = Release|Any CPU
		{373454E0-A5B9-43C6-B0FF-2C51BA480E14}.Debug|Any CPU.ActiveCfg = Debug|Any CPU
		{373454E0-A5B9-43C6-B0FF-2C51BA480E14}.Debug|Any CPU.Build.0 = Debug|Any CPU
		{373454E0-A5B9-43C6-B0FF-2C51BA480E14}.Debug|x64.ActiveCfg = Debug|Any CPU
		{373454E0-A5B9-43C6-B0FF-2C51BA480E14}.Debug|x64.Build.0 = Debug|Any CPU
		{373454E0-A5B9-43C6-B0FF-2C51BA480E14}.Debug|x86.ActiveCfg = Debug|Any CPU
		{373454E0-A5B9-43C6-B0FF-2C51BA480E14}.Debug|x86.Build.0 = Debug|Any CPU
		{373454E0-A5B9-43C6-B0FF-2C51BA480E14}.Release|Any CPU.ActiveCfg = Release|Any CPU
		{373454E0-A5B9-43C6-B0FF-2C51BA480E14}.Release|Any CPU.Build.0 = Release|Any CPU
		{373454E0-A5B9-43C6-B0FF-2C51BA480E14}.Release|x64.ActiveCfg = Release|Any CPU
		{373454E0-A5B9-43C6-B0FF-2C51BA480E14}.Release|x64.Build.0 = Release|Any CPU
		{373454E0-A5B9-43C6-B0FF-2C51BA480E14}.Release|x86.ActiveCfg = Release|Any CPU
		{373454E0-A5B9-43C6-B0FF-2C51BA480E14}.Release|x86.Build.0 = Release|Any CPU
		{92D8F038-37CB-461D-91EE-113E32C68435}.Debug|Any CPU.ActiveCfg = Debug|Any CPU
		{92D8F038-37CB-461D-91EE-113E32C68435}.Debug|Any CPU.Build.0 = Debug|Any CPU
		{92D8F038-37CB-461D-91EE-113E32C68435}.Debug|x64.ActiveCfg = Debug|Any CPU
		{92D8F038-37CB-461D-91EE-113E32C68435}.Debug|x64.Build.0 = Debug|Any CPU
		{92D8F038-37CB-461D-91EE-113E32C68435}.Debug|x86.ActiveCfg = Debug|Any CPU
		{92D8F038-37CB-461D-91EE-113E32C68435}.Debug|x86.Build.0 = Debug|Any CPU
		{92D8F038-37CB-461D-91EE-113E32C68435}.Release|Any CPU.ActiveCfg = Release|Any CPU
		{92D8F038-37CB-461D-91EE-113E32C68435}.Release|Any CPU.Build.0 = Release|Any CPU
		{92D8F038-37CB-461D-91EE-113E32C68435}.Release|x64.ActiveCfg = Release|Any CPU
		{92D8F038-37CB-461D-91EE-113E32C68435}.Release|x64.Build.0 = Release|Any CPU
		{92D8F038-37CB-461D-91EE-113E32C68435}.Release|x86.ActiveCfg = Release|Any CPU
		{92D8F038-37CB-461D-91EE-113E32C68435}.Release|x86.Build.0 = Release|Any CPU
		{AAAAA70B-8E99-45AC-906B-22EBB36C2ADA}.Debug|Any CPU.ActiveCfg = Debug|Any CPU
		{AAAAA70B-8E99-45AC-906B-22EBB36C2ADA}.Debug|Any CPU.Build.0 = Debug|Any CPU
		{AAAAA70B-8E99-45AC-906B-22EBB36C2ADA}.Debug|x64.ActiveCfg = Debug|Any CPU
		{AAAAA70B-8E99-45AC-906B-22EBB36C2ADA}.Debug|x64.Build.0 = Debug|Any CPU
		{AAAAA70B-8E99-45AC-906B-22EBB36C2ADA}.Debug|x86.ActiveCfg = Debug|Any CPU
		{AAAAA70B-8E99-45AC-906B-22EBB36C2ADA}.Debug|x86.Build.0 = Debug|Any CPU
		{AAAAA70B-8E99-45AC-906B-22EBB36C2ADA}.Release|Any CPU.ActiveCfg = Release|Any CPU
		{AAAAA70B-8E99-45AC-906B-22EBB36C2ADA}.Release|Any CPU.Build.0 = Release|Any CPU
		{AAAAA70B-8E99-45AC-906B-22EBB36C2ADA}.Release|x64.ActiveCfg = Release|Any CPU
		{AAAAA70B-8E99-45AC-906B-22EBB36C2ADA}.Release|x64.Build.0 = Release|Any CPU
		{AAAAA70B-8E99-45AC-906B-22EBB36C2ADA}.Release|x86.ActiveCfg = Release|Any CPU
		{AAAAA70B-8E99-45AC-906B-22EBB36C2ADA}.Release|x86.Build.0 = Release|Any CPU
	EndGlobalSection
	GlobalSection(SolutionProperties) = preSolution
		HideSolutionNode = FALSE
	EndGlobalSection
	GlobalSection(NestedProjects) = preSolution
		{4F04DACF-7943-4E33-9D10-2E656A8F8251} = {254E899F-6E65-4764-AAA4-1C1F5CA6E53B}
		{A667B7CD-D3DD-4DBD-8F13-4FF4A1BD08A0} = {AC7C4275-FEE2-478C-A83D-46A924723DAC}
		{5479D8C8-63C0-4CC9-9F8F-ACAFC0D9A3A8} = {A540F2E8-0200-4911-8D48-F0B35E52D2E5}
		{2E8601BF-DC72-405B-8546-999FB4575514} = {254E899F-6E65-4764-AAA4-1C1F5CA6E53B}
		{373454E0-A5B9-43C6-B0FF-2C51BA480E14} = {A540F2E8-0200-4911-8D48-F0B35E52D2E5}
		{92D8F038-37CB-461D-91EE-113E32C68435} = {B907BBCD-DE0D-4B7E-B8C1-9B8E799C6CED}
		{AAAAA70B-8E99-45AC-906B-22EBB36C2ADA} = {463ED36D-2798-42B2-BD0E-C6FBA0B0D03C}
	EndGlobalSection
	GlobalSection(ExtensibilityGlobals) = postSolution
		SolutionGuid = {0B27C39E-8519-48B5-A931-AC2FE598AD8D}
	EndGlobalSection
EndGlobal
